// !$*UTF8*$!
{
	archiveVersion = 1;
	classes = {
	};
	objectVersion = 55;
	objects = {

/* Begin PBXBuildFile section */
		0E91F14E27B2CBE400283CD4 /* AppDelegate.swift in Sources */ = {isa = PBXBuildFile; fileRef = 0E91F14D27B2CBE400283CD4 /* AppDelegate.swift */; };
		0E91F15027B2CBE400283CD4 /* SceneDelegate.swift in Sources */ = {isa = PBXBuildFile; fileRef = 0E91F14F27B2CBE400283CD4 /* SceneDelegate.swift */; };
		0E91F15227B2CBE400283CD4 /* ViewController.swift in Sources */ = {isa = PBXBuildFile; fileRef = 0E91F15127B2CBE400283CD4 /* ViewController.swift */; };
		0E91F15527B2CBE400283CD4 /* Main.storyboard in Resources */ = {isa = PBXBuildFile; fileRef = 0E91F15327B2CBE400283CD4 /* Main.storyboard */; };
		0E91F15727B2CBE600283CD4 /* Assets.xcassets in Resources */ = {isa = PBXBuildFile; fileRef = 0E91F15627B2CBE600283CD4 /* Assets.xcassets */; };
		0E91F15A27B2CBE600283CD4 /* LaunchScreen.storyboard in Resources */ = {isa = PBXBuildFile; fileRef = 0E91F15827B2CBE600283CD4 /* LaunchScreen.storyboard */; };
		0EE9F49427B2DA5800710AB3 /* Evaluator.swift in Sources */ = {isa = PBXBuildFile; fileRef = 0EE9F49327B2DA5800710AB3 /* Evaluator.swift */; };
		0EE9F49827B3167D00710AB3 /* ResultViewController.swift in Sources */ = {isa = PBXBuildFile; fileRef = 0EE9F49727B3167D00710AB3 /* ResultViewController.swift */; };
		0EE9F49A27B31CAD00710AB3 /* WelcomeViewController.swift in Sources */ = {isa = PBXBuildFile; fileRef = 0EE9F49927B31CAD00710AB3 /* WelcomeViewController.swift */; };
		8852192EFAB3D8D29BBFFC13 /* Pods_Replios.framework in Frameworks */ = {isa = PBXBuildFile; fileRef = CCAF3CD3A54CACD3A24CE80D /* Pods_Replios.framework */; };
/* End PBXBuildFile section */

/* Begin PBXFileReference section */
		0E91F14A27B2CBE400283CD4 /* Replios.app */ = {isa = PBXFileReference; explicitFileType = wrapper.application; includeInIndex = 0; path = Replios.app; sourceTree = BUILT_PRODUCTS_DIR; };
		0E91F14D27B2CBE400283CD4 /* AppDelegate.swift */ = {isa = PBXFileReference; lastKnownFileType = sourcecode.swift; path = AppDelegate.swift; sourceTree = "<group>"; };
		0E91F14F27B2CBE400283CD4 /* SceneDelegate.swift */ = {isa = PBXFileReference; lastKnownFileType = sourcecode.swift; path = SceneDelegate.swift; sourceTree = "<group>"; };
		0E91F15127B2CBE400283CD4 /* ViewController.swift */ = {isa = PBXFileReference; lastKnownFileType = sourcecode.swift; path = ViewController.swift; sourceTree = "<group>"; };
		0E91F15427B2CBE400283CD4 /* Base */ = {isa = PBXFileReference; lastKnownFileType = file.storyboard; name = Base; path = Base.lproj/Main.storyboard; sourceTree = "<group>"; };
		0E91F15627B2CBE600283CD4 /* Assets.xcassets */ = {isa = PBXFileReference; lastKnownFileType = folder.assetcatalog; path = Assets.xcassets; sourceTree = "<group>"; };
		0E91F15927B2CBE600283CD4 /* Base */ = {isa = PBXFileReference; lastKnownFileType = file.storyboard; name = Base; path = Base.lproj/LaunchScreen.storyboard; sourceTree = "<group>"; };
		0E91F15B27B2CBE600283CD4 /* Info.plist */ = {isa = PBXFileReference; lastKnownFileType = text.plist.xml; path = Info.plist; sourceTree = "<group>"; };
		0EE9F49327B2DA5800710AB3 /* Evaluator.swift */ = {isa = PBXFileReference; lastKnownFileType = sourcecode.swift; path = Evaluator.swift; sourceTree = "<group>"; };
		0EE9F49727B3167D00710AB3 /* ResultViewController.swift */ = {isa = PBXFileReference; lastKnownFileType = sourcecode.swift; path = ResultViewController.swift; sourceTree = "<group>"; };
		0EE9F49927B31CAD00710AB3 /* WelcomeViewController.swift */ = {isa = PBXFileReference; lastKnownFileType = sourcecode.swift; path = WelcomeViewController.swift; sourceTree = "<group>"; };
		6EE3DB004B719CCDFE3BFF27 /* Pods-Replios.debug.xcconfig */ = {isa = PBXFileReference; includeInIndex = 1; lastKnownFileType = text.xcconfig; name = "Pods-Replios.debug.xcconfig"; path = "Target Support Files/Pods-Replios/Pods-Replios.debug.xcconfig"; sourceTree = "<group>"; };
		CCAF3CD3A54CACD3A24CE80D /* Pods_Replios.framework */ = {isa = PBXFileReference; explicitFileType = wrapper.framework; includeInIndex = 0; path = Pods_Replios.framework; sourceTree = BUILT_PRODUCTS_DIR; };
		FB353EA3E02A203A957EFAD9 /* Pods-Replios.release.xcconfig */ = {isa = PBXFileReference; includeInIndex = 1; lastKnownFileType = text.xcconfig; name = "Pods-Replios.release.xcconfig"; path = "Target Support Files/Pods-Replios/Pods-Replios.release.xcconfig"; sourceTree = "<group>"; };
/* End PBXFileReference section */

/* Begin PBXFrameworksBuildPhase section */
		0E91F14727B2CBE400283CD4 /* Frameworks */ = {
			isa = PBXFrameworksBuildPhase;
			buildActionMask = 2147483647;
			files = (
				8852192EFAB3D8D29BBFFC13 /* Pods_Replios.framework in Frameworks */,
			);
			runOnlyForDeploymentPostprocessing = 0;
		};
/* End PBXFrameworksBuildPhase section */

/* Begin PBXGroup section */
		0E91F14127B2CBE300283CD4 = {
			isa = PBXGroup;
			children = (
				0E91F14C27B2CBE400283CD4 /* Replios */,
				0E91F14B27B2CBE400283CD4 /* Products */,
				80552F026786E1255A3CAD76 /* Pods */,
				C7B1B632F4CBC6787D48E7CF /* Frameworks */,
			);
			sourceTree = "<group>";
		};
		0E91F14B27B2CBE400283CD4 /* Products */ = {
			isa = PBXGroup;
			children = (
				0E91F14A27B2CBE400283CD4 /* Replios.app */,
			);
			name = Products;
			sourceTree = "<group>";
		};
		0E91F14C27B2CBE400283CD4 /* Replios */ = {
			isa = PBXGroup;
			children = (
				0E91F14D27B2CBE400283CD4 /* AppDelegate.swift */,
				0E91F14F27B2CBE400283CD4 /* SceneDelegate.swift */,
				0E91F15127B2CBE400283CD4 /* ViewController.swift */,
				0EE9F49727B3167D00710AB3 /* ResultViewController.swift */,
				0EE9F49927B31CAD00710AB3 /* WelcomeViewController.swift */,
				0EE9F49327B2DA5800710AB3 /* Evaluator.swift */,
				0E91F15327B2CBE400283CD4 /* Main.storyboard */,
				0E91F15627B2CBE600283CD4 /* Assets.xcassets */,
				0E91F15827B2CBE600283CD4 /* LaunchScreen.storyboard */,
				0E91F15B27B2CBE600283CD4 /* Info.plist */,
			);
			path = Replios;
			sourceTree = "<group>";
		};
		80552F026786E1255A3CAD76 /* Pods */ = {
			isa = PBXGroup;
			children = (
				6EE3DB004B719CCDFE3BFF27 /* Pods-Replios.debug.xcconfig */,
				FB353EA3E02A203A957EFAD9 /* Pods-Replios.release.xcconfig */,
			);
			path = Pods;
			sourceTree = "<group>";
		};
		C7B1B632F4CBC6787D48E7CF /* Frameworks */ = {
			isa = PBXGroup;
			children = (
				CCAF3CD3A54CACD3A24CE80D /* Pods_Replios.framework */,
			);
			name = Frameworks;
			sourceTree = "<group>";
		};
/* End PBXGroup section */

/* Begin PBXNativeTarget section */
		0E91F14927B2CBE400283CD4 /* Replios */ = {
			isa = PBXNativeTarget;
			buildConfigurationList = 0E91F15E27B2CBE600283CD4 /* Build configuration list for PBXNativeTarget "Replios" */;
			buildPhases = (
				6BE3660BD60042A2852422A9 /* [CP] Check Pods Manifest.lock */,
				0E91F14627B2CBE400283CD4 /* Sources */,
				0E91F14727B2CBE400283CD4 /* Frameworks */,
				0E91F14827B2CBE400283CD4 /* Resources */,
				B72ABAD05A830042805B2130 /* [CP] Embed Pods Frameworks */,
			);
			buildRules = (
			);
			dependencies = (
			);
			name = Replios;
			productName = Replios;
			productReference = 0E91F14A27B2CBE400283CD4 /* Replios.app */;
			productType = "com.apple.product-type.application";
		};
/* End PBXNativeTarget section */

/* Begin PBXProject section */
		0E91F14227B2CBE300283CD4 /* Project object */ = {
			isa = PBXProject;
			attributes = {
				BuildIndependentTargetsInParallel = 1;
				LastSwiftUpdateCheck = 1320;
				LastUpgradeCheck = 1320;
				TargetAttributes = {
					0E91F14927B2CBE400283CD4 = {
						CreatedOnToolsVersion = 13.2.1;
					};
				};
			};
			buildConfigurationList = 0E91F14527B2CBE300283CD4 /* Build configuration list for PBXProject "Replios" */;
			compatibilityVersion = "Xcode 13.0";
			developmentRegion = en;
			hasScannedForEncodings = 0;
			knownRegions = (
				en,
				Base,
			);
			mainGroup = 0E91F14127B2CBE300283CD4;
			productRefGroup = 0E91F14B27B2CBE400283CD4 /* Products */;
			projectDirPath = "";
			projectRoot = "";
			targets = (
				0E91F14927B2CBE400283CD4 /* Replios */,
			);
		};
/* End PBXProject section */

/* Begin PBXResourcesBuildPhase section */
		0E91F14827B2CBE400283CD4 /* Resources */ = {
			isa = PBXResourcesBuildPhase;
			buildActionMask = 2147483647;
			files = (
				0E91F15A27B2CBE600283CD4 /* LaunchScreen.storyboard in Resources */,
				0E91F15727B2CBE600283CD4 /* Assets.xcassets in Resources */,
				0E91F15527B2CBE400283CD4 /* Main.storyboard in Resources */,
			);
			runOnlyForDeploymentPostprocessing = 0;
		};
/* End PBXResourcesBuildPhase section */

/* Begin PBXShellScriptBuildPhase section */
		6BE3660BD60042A2852422A9 /* [CP] Check Pods Manifest.lock */ = {
			isa = PBXShellScriptBuildPhase;
			buildActionMask = 2147483647;
			files = (
			);
			inputFileListPaths = (
			);
			inputPaths = (
				"${PODS_PODFILE_DIR_PATH}/Podfile.lock",
				"${PODS_ROOT}/Manifest.lock",
			);
			name = "[CP] Check Pods Manifest.lock";
			outputFileListPaths = (
			);
			outputPaths = (
				"$(DERIVED_FILE_DIR)/Pods-Replios-checkManifestLockResult.txt",
			);
			runOnlyForDeploymentPostprocessing = 0;
			shellPath = /bin/sh;
			shellScript = "diff \"${PODS_PODFILE_DIR_PATH}/Podfile.lock\" \"${PODS_ROOT}/Manifest.lock\" > /dev/null\nif [ $? != 0 ] ; then\n    # print error to STDERR\n    echo \"error: The sandbox is not in sync with the Podfile.lock. Run 'pod install' or update your CocoaPods installation.\" >&2\n    exit 1\nfi\n# This output is used by Xcode 'outputs' to avoid re-running this script phase.\necho \"SUCCESS\" > \"${SCRIPT_OUTPUT_FILE_0}\"\n";
			showEnvVarsInLog = 0;
		};
		B72ABAD05A830042805B2130 /* [CP] Embed Pods Frameworks */ = {
			isa = PBXShellScriptBuildPhase;
			buildActionMask = 2147483647;
			files = (
			);
			inputFileListPaths = (
				"${PODS_ROOT}/Target Support Files/Pods-Replios/Pods-Replios-frameworks-${CONFIGURATION}-input-files.xcfilelist",
			);
			name = "[CP] Embed Pods Frameworks";
			outputFileListPaths = (
				"${PODS_ROOT}/Target Support Files/Pods-Replios/Pods-Replios-frameworks-${CONFIGURATION}-output-files.xcfilelist",
			);
			runOnlyForDeploymentPostprocessing = 0;
			shellPath = /bin/sh;
			shellScript = "\"${PODS_ROOT}/Target Support Files/Pods-Replios/Pods-Replios-frameworks.sh\"\n";
			showEnvVarsInLog = 0;
		};
/* End PBXShellScriptBuildPhase section */

/* Begin PBXSourcesBuildPhase section */
		0E91F14627B2CBE400283CD4 /* Sources */ = {
			isa = PBXSourcesBuildPhase;
			buildActionMask = 2147483647;
			files = (
				0E91F15227B2CBE400283CD4 /* ViewController.swift in Sources */,
				0EE9F49427B2DA5800710AB3 /* Evaluator.swift in Sources */,
				0E91F14E27B2CBE400283CD4 /* AppDelegate.swift in Sources */,
				0E91F15027B2CBE400283CD4 /* SceneDelegate.swift in Sources */,
				0EE9F49827B3167D00710AB3 /* ResultViewController.swift in Sources */,
				0EE9F49A27B31CAD00710AB3 /* WelcomeViewController.swift in Sources */,
			);
			runOnlyForDeploymentPostprocessing = 0;
		};
/* End PBXSourcesBuildPhase section */

/* Begin PBXVariantGroup section */
		0E91F15327B2CBE400283CD4 /* Main.storyboard */ = {
			isa = PBXVariantGroup;
			children = (
				0E91F15427B2CBE400283CD4 /* Base */,
			);
			name = Main.storyboard;
			sourceTree = "<group>";
		};
		0E91F15827B2CBE600283CD4 /* LaunchScreen.storyboard */ = {
			isa = PBXVariantGroup;
			children = (
				0E91F15927B2CBE600283CD4 /* Base */,
			);
			name = LaunchScreen.storyboard;
			sourceTree = "<group>";
		};
/* End PBXVariantGroup section */

/* Begin XCBuildConfiguration section */
		0E91F15C27B2CBE600283CD4 /* Debug */ = {
			isa = XCBuildConfiguration;
			buildSettings = {
				ALWAYS_SEARCH_USER_PATHS = NO;
				CLANG_ANALYZER_NONNULL = YES;
				CLANG_ANALYZER_NUMBER_OBJECT_CONVERSION = YES_AGGRESSIVE;
				CLANG_CXX_LANGUAGE_STANDARD = "gnu++17";
				CLANG_CXX_LIBRARY = "libc++";
				CLANG_ENABLE_MODULES = YES;
				CLANG_ENABLE_OBJC_ARC = YES;
				CLANG_ENABLE_OBJC_WEAK = YES;
				CLANG_WARN_BLOCK_CAPTURE_AUTORELEASING = YES;
				CLANG_WARN_BOOL_CONVERSION = YES;
				CLANG_WARN_COMMA = YES;
				CLANG_WARN_CONSTANT_CONVERSION = YES;
				CLANG_WARN_DEPRECATED_OBJC_IMPLEMENTATIONS = YES;
				CLANG_WARN_DIRECT_OBJC_ISA_USAGE = YES_ERROR;
				CLANG_WARN_DOCUMENTATION_COMMENTS = YES;
				CLANG_WARN_EMPTY_BODY = YES;
				CLANG_WARN_ENUM_CONVERSION = YES;
				CLANG_WARN_INFINITE_RECURSION = YES;
				CLANG_WARN_INT_CONVERSION = YES;
				CLANG_WARN_NON_LITERAL_NULL_CONVERSION = YES;
				CLANG_WARN_OBJC_IMPLICIT_RETAIN_SELF = YES;
				CLANG_WARN_OBJC_LITERAL_CONVERSION = YES;
				CLANG_WARN_OBJC_ROOT_CLASS = YES_ERROR;
				CLANG_WARN_QUOTED_INCLUDE_IN_FRAMEWORK_HEADER = YES;
				CLANG_WARN_RANGE_LOOP_ANALYSIS = YES;
				CLANG_WARN_STRICT_PROTOTYPES = YES;
				CLANG_WARN_SUSPICIOUS_MOVE = YES;
				CLANG_WARN_UNGUARDED_AVAILABILITY = YES_AGGRESSIVE;
				CLANG_WARN_UNREACHABLE_CODE = YES;
				CLANG_WARN__DUPLICATE_METHOD_MATCH = YES;
				COPY_PHASE_STRIP = NO;
				DEBUG_INFORMATION_FORMAT = dwarf;
				ENABLE_STRICT_OBJC_MSGSEND = YES;
				ENABLE_TESTABILITY = YES;
				GCC_C_LANGUAGE_STANDARD = gnu11;
				GCC_DYNAMIC_NO_PIC = NO;
				GCC_NO_COMMON_BLOCKS = YES;
				GCC_OPTIMIZATION_LEVEL = 0;
				GCC_PREPROCESSOR_DEFINITIONS = (
					"DEBUG=1",
					"$(inherited)",
				);
				GCC_WARN_64_TO_32_BIT_CONVERSION = YES;
				GCC_WARN_ABOUT_RETURN_TYPE = YES_ERROR;
				GCC_WARN_UNDECLARED_SELECTOR = YES;
				GCC_WARN_UNINITIALIZED_AUTOS = YES_AGGRESSIVE;
				GCC_WARN_UNUSED_FUNCTION = YES;
				GCC_WARN_UNUSED_VARIABLE = YES;
				IPHONEOS_DEPLOYMENT_TARGET = 15.2;
				MTL_ENABLE_DEBUG_INFO = INCLUDE_SOURCE;
				MTL_FAST_MATH = YES;
				ONLY_ACTIVE_ARCH = YES;
				SDKROOT = iphoneos;
				SWIFT_ACTIVE_COMPILATION_CONDITIONS = DEBUG;
				SWIFT_OPTIMIZATION_LEVEL = "-Onone";
			};
			name = Debug;
		};
		0E91F15D27B2CBE600283CD4 /* Release */ = {
			isa = XCBuildConfiguration;
			buildSettings = {
				ALWAYS_SEARCH_USER_PATHS = NO;
				CLANG_ANALYZER_NONNULL = YES;
				CLANG_ANALYZER_NUMBER_OBJECT_CONVERSION = YES_AGGRESSIVE;
				CLANG_CXX_LANGUAGE_STANDARD = "gnu++17";
				CLANG_CXX_LIBRARY = "libc++";
				CLANG_ENABLE_MODULES = YES;
				CLANG_ENABLE_OBJC_ARC = YES;
				CLANG_ENABLE_OBJC_WEAK = YES;
				CLANG_WARN_BLOCK_CAPTURE_AUTORELEASING = YES;
				CLANG_WARN_BOOL_CONVERSION = YES;
				CLANG_WARN_COMMA = YES;
				CLANG_WARN_CONSTANT_CONVERSION = YES;
				CLANG_WARN_DEPRECATED_OBJC_IMPLEMENTATIONS = YES;
				CLANG_WARN_DIRECT_OBJC_ISA_USAGE = YES_ERROR;
				CLANG_WARN_DOCUMENTATION_COMMENTS = YES;
				CLANG_WARN_EMPTY_BODY = YES;
				CLANG_WARN_ENUM_CONVERSION = YES;
				CLANG_WARN_INFINITE_RECURSION = YES;
				CLANG_WARN_INT_CONVERSION = YES;
				CLANG_WARN_NON_LITERAL_NULL_CONVERSION = YES;
				CLANG_WARN_OBJC_IMPLICIT_RETAIN_SELF = YES;
				CLANG_WARN_OBJC_LITERAL_CONVERSION = YES;
				CLANG_WARN_OBJC_ROOT_CLASS = YES_ERROR;
				CLANG_WARN_QUOTED_INCLUDE_IN_FRAMEWORK_HEADER = YES;
				CLANG_WARN_RANGE_LOOP_ANALYSIS = YES;
				CLANG_WARN_STRICT_PROTOTYPES = YES;
				CLANG_WARN_SUSPICIOUS_MOVE = YES;
				CLANG_WARN_UNGUARDED_AVAILABILITY = YES_AGGRESSIVE;
				CLANG_WARN_UNREACHABLE_CODE = YES;
				CLANG_WARN__DUPLICATE_METHOD_MATCH = YES;
				COPY_PHASE_STRIP = NO;
				DEBUG_INFORMATION_FORMAT = "dwarf-with-dsym";
				ENABLE_NS_ASSERTIONS = NO;
				ENABLE_STRICT_OBJC_MSGSEND = YES;
				GCC_C_LANGUAGE_STANDARD = gnu11;
				GCC_NO_COMMON_BLOCKS = YES;
				GCC_WARN_64_TO_32_BIT_CONVERSION = YES;
				GCC_WARN_ABOUT_RETURN_TYPE = YES_ERROR;
				GCC_WARN_UNDECLARED_SELECTOR = YES;
				GCC_WARN_UNINITIALIZED_AUTOS = YES_AGGRESSIVE;
				GCC_WARN_UNUSED_FUNCTION = YES;
				GCC_WARN_UNUSED_VARIABLE = YES;
				IPHONEOS_DEPLOYMENT_TARGET = 15.2;
				MTL_ENABLE_DEBUG_INFO = NO;
				MTL_FAST_MATH = YES;
				SDKROOT = iphoneos;
				SWIFT_COMPILATION_MODE = wholemodule;
				SWIFT_OPTIMIZATION_LEVEL = "-O";
				VALIDATE_PRODUCT = YES;
			};
			name = Release;
		};
		0E91F15F27B2CBE600283CD4 /* Debug */ = {
			isa = XCBuildConfiguration;
			baseConfigurationReference = 6EE3DB004B719CCDFE3BFF27 /* Pods-Replios.debug.xcconfig */;
			buildSettings = {
				ASSETCATALOG_COMPILER_APPICON_NAME = AppIcon;
				ASSETCATALOG_COMPILER_GLOBAL_ACCENT_COLOR_NAME = AccentColor;
				CODE_SIGN_STYLE = Automatic;
				CURRENT_PROJECT_VERSION = 1;
				DEVELOPMENT_TEAM = 59SVXWFZ98;
				GENERATE_INFOPLIST_FILE = YES;
				INFOPLIST_FILE = Replios/Info.plist;
				INFOPLIST_KEY_UIApplicationSupportsIndirectInputEvents = YES;
				INFOPLIST_KEY_UILaunchStoryboardName = LaunchScreen;
				INFOPLIST_KEY_UIMainStoryboardFile = Main;
				INFOPLIST_KEY_UIStatusBarHidden = YES;
				INFOPLIST_KEY_UISupportedInterfaceOrientations = UIInterfaceOrientationPortrait;
				INFOPLIST_KEY_UISupportedInterfaceOrientations_iPad = "UIInterfaceOrientationPortrait UIInterfaceOrientationPortraitUpsideDown UIInterfaceOrientationLandscapeLeft UIInterfaceOrientationLandscapeRight";
				INFOPLIST_KEY_UISupportedInterfaceOrientations_iPhone = "UIInterfaceOrientationPortrait UIInterfaceOrientationLandscapeLeft UIInterfaceOrientationLandscapeRight";
				LD_RUNPATH_SEARCH_PATHS = (
					"$(inherited)",
					"@executable_path/Frameworks",
				);
				MARKETING_VERSION = 1.0;
				PRODUCT_BUNDLE_IDENTIFIER = kim.june.Replios;
				PRODUCT_NAME = "$(TARGET_NAME)";
				SWIFT_EMIT_LOC_STRINGS = YES;
				SWIFT_VERSION = 5.0;
				TARGETED_DEVICE_FAMILY = 1;
			};
			name = Debug;
		};
		0E91F16027B2CBE600283CD4 /* Release */ = {
			isa = XCBuildConfiguration;
			baseConfigurationReference = FB353EA3E02A203A957EFAD9 /* Pods-Replios.release.xcconfig */;
			buildSettings = {
				ASSETCATALOG_COMPILER_APPICON_NAME = AppIcon;
				ASSETCATALOG_COMPILER_GLOBAL_ACCENT_COLOR_NAME = AccentColor;
				CODE_SIGN_STYLE = Automatic;
				CURRENT_PROJECT_VERSION = 1;
				DEVELOPMENT_TEAM = 59SVXWFZ98;
				GENERATE_INFOPLIST_FILE = YES;
				INFOPLIST_FILE = Replios/Info.plist;
				INFOPLIST_KEY_UIApplicationSupportsIndirectInputEvents = YES;
				INFOPLIST_KEY_UILaunchStoryboardName = LaunchScreen;
				INFOPLIST_KEY_UIMainStoryboardFile = Main;
				INFOPLIST_KEY_UIStatusBarHidden = YES;
				INFOPLIST_KEY_UISupportedInterfaceOrientations = UIInterfaceOrientationPortrait;
				INFOPLIST_KEY_UISupportedInterfaceOrientations_iPad = "UIInterfaceOrientationPortrait UIInterfaceOrientationPortraitUpsideDown UIInterfaceOrientationLandscapeLeft UIInterfaceOrientationLandscapeRight";
				INFOPLIST_KEY_UISupportedInterfaceOrientations_iPhone = "UIInterfaceOrientationPortrait UIInterfaceOrientationLandscapeLeft UIInterfaceOrientationLandscapeRight";
				LD_RUNPATH_SEARCH_PATHS = (
					"$(inherited)",
					"@executable_path/Frameworks",
				);
				MARKETING_VERSION = 1.0;
				PRODUCT_BUNDLE_IDENTIFIER = kim.june.Replios;
				PRODUCT_NAME = "$(TARGET_NAME)";
				SWIFT_EMIT_LOC_STRINGS = YES;
				SWIFT_VERSION = 5.0;
				TARGETED_DEVICE_FAMILY = 1;
			};
			name = Release;
		};
/* End XCBuildConfiguration section */

/* Begin XCConfigurationList section */
		0E91F14527B2CBE300283CD4 /* Build configuration list for PBXProject "Replios" */ = {
			isa = XCConfigurationList;
			buildConfigurations = (
				0E91F15C27B2CBE600283CD4 /* Debug */,
				0E91F15D27B2CBE600283CD4 /* Release */,
			);
			defaultConfigurationIsVisible = 0;
			defaultConfigurationName = Release;
		};
		0E91F15E27B2CBE600283CD4 /* Build configuration list for PBXNativeTarget "Replios" */ = {
			isa = XCConfigurationList;
			buildConfigurations = (
				0E91F15F27B2CBE600283CD4 /* Debug */,
				0E91F16027B2CBE600283CD4 /* Release */,
			);
			defaultConfigurationIsVisible = 0;
			defaultConfigurationName = Release;
		};
/* End XCConfigurationList section */
	};
	rootObject = 0E91F14227B2CBE300283CD4 /* Project object */;
}
